
Microsoft Visual Studio Solution File, Format Version 12.00
# Visual Studio 15
Project("{FAE04EC0-301F-11D3-BF4B-00C04F79EFBC}") = "MerryYellow.CodeAssist.Editor", "MerryYellow.CodeAssist.Editor.csproj", "{01CFC960-BBF8-B563-5BF9-54E2F0BCC3F3}"
EndProject
Project("{FAE04EC0-301F-11D3-BF4B-00C04F79EFBC}") = "Assembly-CSharp", "Assembly-CSharp.csproj", "{BB65EDE5-C124-62E4-1E25-82939E201BF1}"
EndProject
Global
	GlobalSection(SolutionConfigurationPlatforms) = preSolution
		Debug|Any CPU = Debug|Any CPU
		Release|Any CPU = Release|Any CPU
	EndGlobalSection
	GlobalSection(ProjectConfigurationPlatforms) = postSolution
		{01CFC960-BBF8-B563-5BF9-54E2F0BCC3F3}.Debug|Any CPU.ActiveCfg = Debug|Any CPU
		{01CFC960-BBF8-B563-5BF9-54E2F0BCC3F3}.Debug|Any CPU.Build.0 = Debug|Any CPU
		{01CFC960-BBF8-B563-5BF9-54E2F0BCC3F3}.Release|Any CPU.ActiveCfg = Release|Any CPU
		{01CFC960-BBF8-B563-5BF9-54E2F0BCC3F3}.Release|Any CPU.Build.0 = Release|Any CPU
		{BB65EDE5-C124-62E4-1E25-82939E201BF1}.Debug|Any CPU.ActiveCfg = Debug|Any CPU
		{BB65EDE5-C124-62E4-1E25-82939E201BF1}.Debug|Any CPU.Build.0 = Debug|Any CPU
		{BB65EDE5-C124-62E4-1E25-82939E201BF1}.Release|Any CPU.ActiveCfg = Release|Any CPU
		{BB65EDE5-C124-62E4-1E25-82939E201BF1}.Release|Any CPU.Build.0 = Release|Any CPU
	EndGlobalSection
	GlobalSection(SolutionProperties) = preSolution
		HideSolutionNode = FALSE
	EndGlobalSection
EndGlobal
